// !$*UTF8*$!
{
	archiveVersion = 1;
	classes = {
	};
	objectVersion = 51;
	objects = {

/* Begin PBXBuildFile section */
		891F26849AECB2AB75083315 /* Pods_ParkingApp.framework in Frameworks */ = {isa = PBXBuildFile; fileRef = 52CDAAF05698D804F2D7FAA6 /* Pods_ParkingApp.framework */; };
		9102CD9E2656A28E009BE40F /* StringExtensions.swift in Sources */ = {isa = PBXBuildFile; fileRef = 9102CD9D2656A28E009BE40F /* StringExtensions.swift */; };
		910E0C3E26502CD900E5CB88 /* GoogleService-Info.plist in Resources */ = {isa = PBXBuildFile; fileRef = 910E0C3D26502CD900E5CB88 /* GoogleService-Info.plist */; };
		911E54702659A53D008792F4 /* LocationController.swift in Sources */ = {isa = PBXBuildFile; fileRef = 911E546F2659A53D008792F4 /* LocationController.swift */; };
		914AE43B265557B300936E86 /* User.swift in Sources */ = {isa = PBXBuildFile; fileRef = 914AE43A265557B300936E86 /* User.swift */; };
		916ABB6D265576FE00E8450E /* LoginController.swift in Sources */ = {isa = PBXBuildFile; fileRef = 916ABB6C265576FE00E8450E /* LoginController.swift */; };
		91708D43264D55E7009DEDC4 /* AppDelegate.swift in Sources */ = {isa = PBXBuildFile; fileRef = 91708D42264D55E7009DEDC4 /* AppDelegate.swift */; };
		91708D45264D55E7009DEDC4 /* SceneDelegate.swift in Sources */ = {isa = PBXBuildFile; fileRef = 91708D44264D55E7009DEDC4 /* SceneDelegate.swift */; };
		91708D4A264D55E7009DEDC4 /* Main.storyboard in Resources */ = {isa = PBXBuildFile; fileRef = 91708D48264D55E7009DEDC4 /* Main.storyboard */; };
		91708D4C264D55E8009DEDC4 /* Assets.xcassets in Resources */ = {isa = PBXBuildFile; fileRef = 91708D4B264D55E8009DEDC4 /* Assets.xcassets */; };
		91708D4F264D55E8009DEDC4 /* LaunchScreen.storyboard in Resources */ = {isa = PBXBuildFile; fileRef = 91708D4D264D55E8009DEDC4 /* LaunchScreen.storyboard */; };
		91708D5A264D65C2009DEDC4 /* LoginViewController.swift in Sources */ = {isa = PBXBuildFile; fileRef = 91708D59264D65C2009DEDC4 /* LoginViewController.swift */; };
		9191149B2653EF14009741CB /* HomeViewController.swift in Sources */ = {isa = PBXBuildFile; fileRef = 9191149A2653EF14009741CB /* HomeViewController.swift */; };
		9191149D2653F5D1009741CB /* ParkingTableViewController.swift in Sources */ = {isa = PBXBuildFile; fileRef = 9191149C2653F5D1009741CB /* ParkingTableViewController.swift */; };
		91CB9726264EC4DE0024B3D4 /* AddParkingViewController.swift in Sources */ = {isa = PBXBuildFile; fileRef = 91CB9725264EC4DE0024B3D4 /* AddParkingViewController.swift */; };
		91FB7DD92659257F00275EBE /* Parking.swift in Sources */ = {isa = PBXBuildFile; fileRef = 91FB7DD82659257F00275EBE /* Parking.swift */; };
		91FB7DDB265942EE00275EBE /* AddParkingController.swift in Sources */ = {isa = PBXBuildFile; fileRef = 91FB7DDA265942EE00275EBE /* AddParkingController.swift */; };
		D31F8D472654129E00FF9F70 /* DetailScreenViewController.swift in Sources */ = {isa = PBXBuildFile; fileRef = D31F8D462654129E00FF9F70 /* DetailScreenViewController.swift */; };
		D326CBBC265794AD00B4B9EE /* SignUpViewController.swift in Sources */ = {isa = PBXBuildFile; fileRef = D326CBBB265794AD00B4B9EE /* SignUpViewController.swift */; };
		D326CBBE265796D700B4B9EE /* UpdateViewController.swift in Sources */ = {isa = PBXBuildFile; fileRef = D326CBBD265796D700B4B9EE /* UpdateViewController.swift */; };
/* End PBXBuildFile section */

/* Begin PBXFileReference section */
		52CDAAF05698D804F2D7FAA6 /* Pods_ParkingApp.framework */ = {isa = PBXFileReference; explicitFileType = wrapper.framework; includeInIndex = 0; path = Pods_ParkingApp.framework; sourceTree = BUILT_PRODUCTS_DIR; };
		9102CD9D2656A28E009BE40F /* StringExtensions.swift */ = {isa = PBXFileReference; lastKnownFileType = sourcecode.swift; path = StringExtensions.swift; sourceTree = "<group>"; };
		910E0C3D26502CD900E5CB88 /* GoogleService-Info.plist */ = {isa = PBXFileReference; fileEncoding = 4; lastKnownFileType = text.plist.xml; path = "GoogleService-Info.plist"; sourceTree = "<group>"; };
		911E546F2659A53D008792F4 /* LocationController.swift */ = {isa = PBXFileReference; lastKnownFileType = sourcecode.swift; path = LocationController.swift; sourceTree = "<group>"; };
		914AE43A265557B300936E86 /* User.swift */ = {isa = PBXFileReference; lastKnownFileType = sourcecode.swift; path = User.swift; sourceTree = "<group>"; };
		916ABB6C265576FE00E8450E /* LoginController.swift */ = {isa = PBXFileReference; lastKnownFileType = sourcecode.swift; path = LoginController.swift; sourceTree = "<group>"; };
		91708D3F264D55E7009DEDC4 /* ParkingApp.app */ = {isa = PBXFileReference; explicitFileType = wrapper.application; includeInIndex = 0; path = ParkingApp.app; sourceTree = BUILT_PRODUCTS_DIR; };
		91708D42264D55E7009DEDC4 /* AppDelegate.swift */ = {isa = PBXFileReference; lastKnownFileType = sourcecode.swift; path = AppDelegate.swift; sourceTree = "<group>"; };
		91708D44264D55E7009DEDC4 /* SceneDelegate.swift */ = {isa = PBXFileReference; lastKnownFileType = sourcecode.swift; path = SceneDelegate.swift; sourceTree = "<group>"; };
		91708D49264D55E7009DEDC4 /* Base */ = {isa = PBXFileReference; lastKnownFileType = file.storyboard; name = Base; path = Base.lproj/Main.storyboard; sourceTree = "<group>"; };
		91708D4B264D55E8009DEDC4 /* Assets.xcassets */ = {isa = PBXFileReference; lastKnownFileType = folder.assetcatalog; path = Assets.xcassets; sourceTree = "<group>"; };
		91708D4E264D55E8009DEDC4 /* Base */ = {isa = PBXFileReference; lastKnownFileType = file.storyboard; name = Base; path = Base.lproj/LaunchScreen.storyboard; sourceTree = "<group>"; };
		91708D50264D55E8009DEDC4 /* Info.plist */ = {isa = PBXFileReference; lastKnownFileType = text.plist.xml; path = Info.plist; sourceTree = "<group>"; };
		91708D59264D65C2009DEDC4 /* LoginViewController.swift */ = {isa = PBXFileReference; lastKnownFileType = sourcecode.swift; path = LoginViewController.swift; sourceTree = "<group>"; };
		9191149A2653EF14009741CB /* HomeViewController.swift */ = {isa = PBXFileReference; lastKnownFileType = sourcecode.swift; path = HomeViewController.swift; sourceTree = "<group>"; };
		9191149C2653F5D1009741CB /* ParkingTableViewController.swift */ = {isa = PBXFileReference; lastKnownFileType = sourcecode.swift; path = ParkingTableViewController.swift; sourceTree = "<group>"; };
		91CB9725264EC4DE0024B3D4 /* AddParkingViewController.swift */ = {isa = PBXFileReference; lastKnownFileType = sourcecode.swift; path = AddParkingViewController.swift; sourceTree = "<group>"; };
		91FB7DD82659257F00275EBE /* Parking.swift */ = {isa = PBXFileReference; lastKnownFileType = sourcecode.swift; path = Parking.swift; sourceTree = "<group>"; };
		91FB7DDA265942EE00275EBE /* AddParkingController.swift */ = {isa = PBXFileReference; lastKnownFileType = sourcecode.swift; path = AddParkingController.swift; sourceTree = "<group>"; };
		D31F8D462654129E00FF9F70 /* DetailScreenViewController.swift */ = {isa = PBXFileReference; lastKnownFileType = sourcecode.swift; path = DetailScreenViewController.swift; sourceTree = "<group>"; };
		D326CBBB265794AD00B4B9EE /* SignUpViewController.swift */ = {isa = PBXFileReference; lastKnownFileType = sourcecode.swift; path = SignUpViewController.swift; sourceTree = "<group>"; };
		D326CBBD265796D700B4B9EE /* UpdateViewController.swift */ = {isa = PBXFileReference; lastKnownFileType = sourcecode.swift; path = UpdateViewController.swift; sourceTree = "<group>"; };
		F1BCB8431BB673133269E6E1 /* Pods-ParkingApp.debug.xcconfig */ = {isa = PBXFileReference; includeInIndex = 1; lastKnownFileType = text.xcconfig; name = "Pods-ParkingApp.debug.xcconfig"; path = "Target Support Files/Pods-ParkingApp/Pods-ParkingApp.debug.xcconfig"; sourceTree = "<group>"; };
		F3E989DF966D49CA8B959A93 /* Pods-ParkingApp.release.xcconfig */ = {isa = PBXFileReference; includeInIndex = 1; lastKnownFileType = text.xcconfig; name = "Pods-ParkingApp.release.xcconfig"; path = "Target Support Files/Pods-ParkingApp/Pods-ParkingApp.release.xcconfig"; sourceTree = "<group>"; };
/* End PBXFileReference section */

/* Begin PBXFrameworksBuildPhase section */
		91708D3C264D55E7009DEDC4 /* Frameworks */ = {
			isa = PBXFrameworksBuildPhase;
			buildActionMask = 2147483647;
			files = (
				891F26849AECB2AB75083315 /* Pods_ParkingApp.framework in Frameworks */,
			);
			runOnlyForDeploymentPostprocessing = 0;
		};
/* End PBXFrameworksBuildPhase section */

/* Begin PBXGroup section */
		6ACE5778BC6028D6FF001635 /* Frameworks */ = {
			isa = PBXGroup;
			children = (
				52CDAAF05698D804F2D7FAA6 /* Pods_ParkingApp.framework */,
			);
			name = Frameworks;
			sourceTree = "<group>";
		};
		9102CD9C2656A26C009BE40F /* Extensions */ = {
			isa = PBXGroup;
			children = (
				9102CD9D2656A28E009BE40F /* StringExtensions.swift */,
			);
			path = Extensions;
			sourceTree = "<group>";
		};
		9102CD9F2656A38C009BE40F /* Models */ = {
			isa = PBXGroup;
			children = (
				914AE43A265557B300936E86 /* User.swift */,
				91FB7DD82659257F00275EBE /* Parking.swift */,
			);
			path = Models;
			sourceTree = "<group>";
		};
		9102CDA02656A3A0009BE40F /* Controllers */ = {
			isa = PBXGroup;
			children = (
				916ABB6C265576FE00E8450E /* LoginController.swift */,
				91FB7DDA265942EE00275EBE /* AddParkingController.swift */,
				911E546F2659A53D008792F4 /* LocationController.swift */,
			);
			path = Controllers;
			sourceTree = "<group>";
		};
		91708D36264D55E7009DEDC4 = {
			isa = PBXGroup;
			children = (
				91708D41264D55E7009DEDC4 /* ParkingApp */,
				91708D40264D55E7009DEDC4 /* Products */,
				B3CE856B78088C3D02E15716 /* Pods */,
				6ACE5778BC6028D6FF001635 /* Frameworks */,
			);
			sourceTree = "<group>";
		};
		91708D40264D55E7009DEDC4 /* Products */ = {
			isa = PBXGroup;
			children = (
				91708D3F264D55E7009DEDC4 /* ParkingApp.app */,
			);
			name = Products;
			sourceTree = "<group>";
		};
		91708D41264D55E7009DEDC4 /* ParkingApp */ = {
			isa = PBXGroup;
			children = (
				9102CDA02656A3A0009BE40F /* Controllers */,
				9102CD9F2656A38C009BE40F /* Models */,
				9102CD9C2656A26C009BE40F /* Extensions */,
				910E0C3D26502CD900E5CB88 /* GoogleService-Info.plist */,
				91708D58264D6588009DEDC4 /* Views */,
				91708D42264D55E7009DEDC4 /* AppDelegate.swift */,
				91708D44264D55E7009DEDC4 /* SceneDelegate.swift */,
				91708D48264D55E7009DEDC4 /* Main.storyboard */,
				91708D4B264D55E8009DEDC4 /* Assets.xcassets */,
				91708D4D264D55E8009DEDC4 /* LaunchScreen.storyboard */,
				91708D50264D55E8009DEDC4 /* Info.plist */,
			);
			path = ParkingApp;
			sourceTree = "<group>";
		};
		91708D58264D6588009DEDC4 /* Views */ = {
			isa = PBXGroup;
			children = (
				91708D59264D65C2009DEDC4 /* LoginViewController.swift */,
				D326CBBB265794AD00B4B9EE /* SignUpViewController.swift */,
				91CB9725264EC4DE0024B3D4 /* AddParkingViewController.swift */,
				D31F8D462654129E00FF9F70 /* DetailScreenViewController.swift */,
				9191149A2653EF14009741CB /* HomeViewController.swift */,
				D326CBBD265796D700B4B9EE /* UpdateViewController.swift */,
				9191149C2653F5D1009741CB /* ParkingTableViewController.swift */,
			);
			path = Views;
			sourceTree = "<group>";
		};
		B3CE856B78088C3D02E15716 /* Pods */ = {
			isa = PBXGroup;
			children = (
				F1BCB8431BB673133269E6E1 /* Pods-ParkingApp.debug.xcconfig */,
				F3E989DF966D49CA8B959A93 /* Pods-ParkingApp.release.xcconfig */,
			);
			path = Pods;
			sourceTree = "<group>";
		};
/* End PBXGroup section */

/* Begin PBXNativeTarget section */
		91708D3E264D55E7009DEDC4 /* ParkingApp */ = {
			isa = PBXNativeTarget;
			buildConfigurationList = 91708D53264D55E8009DEDC4 /* Build configuration list for PBXNativeTarget "ParkingApp" */;
			buildPhases = (
				1988253C500FEDB19D0CD19F /* [CP] Check Pods Manifest.lock */,
				91708D3B264D55E7009DEDC4 /* Sources */,
				91708D3C264D55E7009DEDC4 /* Frameworks */,
				91708D3D264D55E7009DEDC4 /* Resources */,
				F8E481911CBB1CA9BB57FAAE /* [CP] Embed Pods Frameworks */,
			);
			buildRules = (
			);
			dependencies = (
			);
			name = ParkingApp;
			productName = ParkingApp;
			productReference = 91708D3F264D55E7009DEDC4 /* ParkingApp.app */;
			productType = "com.apple.product-type.application";
		};
/* End PBXNativeTarget section */

/* Begin PBXProject section */
		91708D37264D55E7009DEDC4 /* Project object */ = {
			isa = PBXProject;
			attributes = {
				LastSwiftUpdateCheck = 1250;
				LastUpgradeCheck = 1250;
				TargetAttributes = {
					91708D3E264D55E7009DEDC4 = {
						CreatedOnToolsVersion = 12.5;
					};
				};
			};
			buildConfigurationList = 91708D3A264D55E7009DEDC4 /* Build configuration list for PBXProject "ParkingApp" */;
			compatibilityVersion = "Xcode 9.3";
			developmentRegion = en;
			hasScannedForEncodings = 0;
			knownRegions = (
				en,
				Base,
			);
			mainGroup = 91708D36264D55E7009DEDC4;
			productRefGroup = 91708D40264D55E7009DEDC4 /* Products */;
			projectDirPath = "";
			projectRoot = "";
			targets = (
				91708D3E264D55E7009DEDC4 /* ParkingApp */,
			);
		};
/* End PBXProject section */

/* Begin PBXResourcesBuildPhase section */
		91708D3D264D55E7009DEDC4 /* Resources */ = {
			isa = PBXResourcesBuildPhase;
			buildActionMask = 2147483647;
			files = (
				91708D4F264D55E8009DEDC4 /* LaunchScreen.storyboard in Resources */,
				910E0C3E26502CD900E5CB88 /* GoogleService-Info.plist in Resources */,
				91708D4C264D55E8009DEDC4 /* Assets.xcassets in Resources */,
				91708D4A264D55E7009DEDC4 /* Main.storyboard in Resources */,
			);
			runOnlyForDeploymentPostprocessing = 0;
		};
/* End PBXResourcesBuildPhase section */

/* Begin PBXShellScriptBuildPhase section */
		1988253C500FEDB19D0CD19F /* [CP] Check Pods Manifest.lock */ = {
			isa = PBXShellScriptBuildPhase;
			buildActionMask = 2147483647;
			files = (
			);
			inputFileListPaths = (
			);
			inputPaths = (
				"${PODS_PODFILE_DIR_PATH}/Podfile.lock",
				"${PODS_ROOT}/Manifest.lock",
			);
			name = "[CP] Check Pods Manifest.lock";
			outputFileListPaths = (
			);
			outputPaths = (
				"$(DERIVED_FILE_DIR)/Pods-ParkingApp-checkManifestLockResult.txt",
			);
			runOnlyForDeploymentPostprocessing = 0;
			shellPath = /bin/sh;
			shellScript = "diff \"${PODS_PODFILE_DIR_PATH}/Podfile.lock\" \"${PODS_ROOT}/Manifest.lock\" > /dev/null\nif [ $? != 0 ] ; then\n    # print error to STDERR\n    echo \"error: The sandbox is not in sync with the Podfile.lock. Run 'pod install' or update your CocoaPods installation.\" >&2\n    exit 1\nfi\n# This output is used by Xcode 'outputs' to avoid re-running this script phase.\necho \"SUCCESS\" > \"${SCRIPT_OUTPUT_FILE_0}\"\n";
			showEnvVarsInLog = 0;
		};
		F8E481911CBB1CA9BB57FAAE /* [CP] Embed Pods Frameworks */ = {
			isa = PBXShellScriptBuildPhase;
			buildActionMask = 2147483647;
			files = (
			);
			inputFileListPaths = (
				"${PODS_ROOT}/Target Support Files/Pods-ParkingApp/Pods-ParkingApp-frameworks-${CONFIGURATION}-input-files.xcfilelist",
			);
			name = "[CP] Embed Pods Frameworks";
			outputFileListPaths = (
				"${PODS_ROOT}/Target Support Files/Pods-ParkingApp/Pods-ParkingApp-frameworks-${CONFIGURATION}-output-files.xcfilelist",
			);
			runOnlyForDeploymentPostprocessing = 0;
			shellPath = /bin/sh;
			shellScript = "\"${PODS_ROOT}/Target Support Files/Pods-ParkingApp/Pods-ParkingApp-frameworks.sh\"\n";
			showEnvVarsInLog = 0;
		};
/* End PBXShellScriptBuildPhase section */

/* Begin PBXSourcesBuildPhase section */
		91708D3B264D55E7009DEDC4 /* Sources */ = {
			isa = PBXSourcesBuildPhase;
			buildActionMask = 2147483647;
			files = (
				91FB7DDB265942EE00275EBE /* AddParkingController.swift in Sources */,
				9102CD9E2656A28E009BE40F /* StringExtensions.swift in Sources */,
				916ABB6D265576FE00E8450E /* LoginController.swift in Sources */,
				D31F8D472654129E00FF9F70 /* DetailScreenViewController.swift in Sources */,
				91708D5A264D65C2009DEDC4 /* LoginViewController.swift in Sources */,
				D326CBBE265796D700B4B9EE /* UpdateViewController.swift in Sources */,
				D326CBBC265794AD00B4B9EE /* SignUpViewController.swift in Sources */,
				91708D43264D55E7009DEDC4 /* AppDelegate.swift in Sources */,
				91CB9726264EC4DE0024B3D4 /* AddParkingViewController.swift in Sources */,
				91FB7DD92659257F00275EBE /* Parking.swift in Sources */,
				9191149B2653EF14009741CB /* HomeViewController.swift in Sources */,
				9191149D2653F5D1009741CB /* ParkingTableViewController.swift in Sources */,
				91708D45264D55E7009DEDC4 /* SceneDelegate.swift in Sources */,
				911E54702659A53D008792F4 /* LocationController.swift in Sources */,
				914AE43B265557B300936E86 /* User.swift in Sources */,
			);
			runOnlyForDeploymentPostprocessing = 0;
		};
/* End PBXSourcesBuildPhase section */

/* Begin PBXVariantGroup section */
		91708D48264D55E7009DEDC4 /* Main.storyboard */ = {
			isa = PBXVariantGroup;
			children = (
				91708D49264D55E7009DEDC4 /* Base */,
			);
			name = Main.storyboard;
			sourceTree = "<group>";
		};
		91708D4D264D55E8009DEDC4 /* LaunchScreen.storyboard */ = {
			isa = PBXVariantGroup;
			children = (
				91708D4E264D55E8009DEDC4 /* Base */,
			);
			name = LaunchScreen.storyboard;
			sourceTree = "<group>";
		};
/* End PBXVariantGroup section */

/* Begin XCBuildConfiguration section */
		91708D51264D55E8009DEDC4 /* Debug */ = {
			isa = XCBuildConfiguration;
			buildSettings = {
				ALWAYS_SEARCH_USER_PATHS = NO;
				CLANG_ANALYZER_NONNULL = YES;
				CLANG_ANALYZER_NUMBER_OBJECT_CONVERSION = YES_AGGRESSIVE;
				CLANG_CXX_LANGUAGE_STANDARD = "gnu++14";
				CLANG_CXX_LIBRARY = "libc++";
				CLANG_ENABLE_MODULES = YES;
				CLANG_ENABLE_OBJC_ARC = YES;
				CLANG_ENABLE_OBJC_WEAK = YES;
				CLANG_WARN_BLOCK_CAPTURE_AUTORELEASING = YES;
				CLANG_WARN_BOOL_CONVERSION = YES;
				CLANG_WARN_COMMA = YES;
				CLANG_WARN_CONSTANT_CONVERSION = YES;
				CLANG_WARN_DEPRECATED_OBJC_IMPLEMENTATIONS = YES;
				CLANG_WARN_DIRECT_OBJC_ISA_USAGE = YES_ERROR;
				CLANG_WARN_DOCUMENTATION_COMMENTS = YES;
				CLANG_WARN_EMPTY_BODY = YES;
				CLANG_WARN_ENUM_CONVERSION = YES;
				CLANG_WARN_INFINITE_RECURSION = YES;
				CLANG_WARN_INT_CONVERSION = YES;
				CLANG_WARN_NON_LITERAL_NULL_CONVERSION = YES;
				CLANG_WARN_OBJC_IMPLICIT_RETAIN_SELF = YES;
				CLANG_WARN_OBJC_LITERAL_CONVERSION = YES;
				CLANG_WARN_OBJC_ROOT_CLASS = YES_ERROR;
				CLANG_WARN_QUOTED_INCLUDE_IN_FRAMEWORK_HEADER = YES;
				CLANG_WARN_RANGE_LOOP_ANALYSIS = YES;
				CLANG_WARN_STRICT_PROTOTYPES = YES;
				CLANG_WARN_SUSPICIOUS_MOVE = YES;
				CLANG_WARN_UNGUARDED_AVAILABILITY = YES_AGGRESSIVE;
				CLANG_WARN_UNREACHABLE_CODE = YES;
				CLANG_WARN__DUPLICATE_METHOD_MATCH = YES;
				COPY_PHASE_STRIP = NO;
				DEBUG_INFORMATION_FORMAT = dwarf;
				ENABLE_STRICT_OBJC_MSGSEND = YES;
				ENABLE_TESTABILITY = YES;
				GCC_C_LANGUAGE_STANDARD = gnu11;
				GCC_DYNAMIC_NO_PIC = NO;
				GCC_NO_COMMON_BLOCKS = YES;
				GCC_OPTIMIZATION_LEVEL = 0;
				GCC_PREPROCESSOR_DEFINITIONS = (
					"DEBUG=1",
					"$(inherited)",
				);
				GCC_WARN_64_TO_32_BIT_CONVERSION = YES;
				GCC_WARN_ABOUT_RETURN_TYPE = YES_ERROR;
				GCC_WARN_UNDECLARED_SELECTOR = YES;
				GCC_WARN_UNINITIALIZED_AUTOS = YES_AGGRESSIVE;
				GCC_WARN_UNUSED_FUNCTION = YES;
				GCC_WARN_UNUSED_VARIABLE = YES;
				IPHONEOS_DEPLOYMENT_TARGET = 14.5;
				MTL_ENABLE_DEBUG_INFO = INCLUDE_SOURCE;
				MTL_FAST_MATH = YES;
				ONLY_ACTIVE_ARCH = YES;
				SDKROOT = iphoneos;
				SWIFT_ACTIVE_COMPILATION_CONDITIONS = DEBUG;
				SWIFT_OPTIMIZATION_LEVEL = "-Onone";
			};
			name = Debug;
		};
		91708D52264D55E8009DEDC4 /* Release */ = {
			isa = XCBuildConfiguration;
			buildSettings = {
				ALWAYS_SEARCH_USER_PATHS = NO;
				CLANG_ANALYZER_NONNULL = YES;
				CLANG_ANALYZER_NUMBER_OBJECT_CONVERSION = YES_AGGRESSIVE;
				CLANG_CXX_LANGUAGE_STANDARD = "gnu++14";
				CLANG_CXX_LIBRARY = "libc++";
				CLANG_ENABLE_MODULES = YES;
				CLANG_ENABLE_OBJC_ARC = YES;
				CLANG_ENABLE_OBJC_WEAK = YES;
				CLANG_WARN_BLOCK_CAPTURE_AUTORELEASING = YES;
				CLANG_WARN_BOOL_CONVERSION = YES;
				CLANG_WARN_COMMA = YES;
				CLANG_WARN_CONSTANT_CONVERSION = YES;
				CLANG_WARN_DEPRECATED_OBJC_IMPLEMENTATIONS = YES;
				CLANG_WARN_DIRECT_OBJC_ISA_USAGE = YES_ERROR;
				CLANG_WARN_DOCUMENTATION_COMMENTS = YES;
				CLANG_WARN_EMPTY_BODY = YES;
				CLANG_WARN_ENUM_CONVERSION = YES;
				CLANG_WARN_INFINITE_RECURSION = YES;
				CLANG_WARN_INT_CONVERSION = YES;
				CLANG_WARN_NON_LITERAL_NULL_CONVERSION = YES;
				CLANG_WARN_OBJC_IMPLICIT_RETAIN_SELF = YES;
				CLANG_WARN_OBJC_LITERAL_CONVERSION = YES;
				CLANG_WARN_OBJC_ROOT_CLASS = YES_ERROR;
				CLANG_WARN_QUOTED_INCLUDE_IN_FRAMEWORK_HEADER = YES;
				CLANG_WARN_RANGE_LOOP_ANALYSIS = YES;
				CLANG_WARN_STRICT_PROTOTYPES = YES;
				CLANG_WARN_SUSPICIOUS_MOVE = YES;
				CLANG_WARN_UNGUARDED_AVAILABILITY = YES_AGGRESSIVE;
				CLANG_WARN_UNREACHABLE_CODE = YES;
				CLANG_WARN__DUPLICATE_METHOD_MATCH = YES;
				COPY_PHASE_STRIP = NO;
				DEBUG_INFORMATION_FORMAT = "dwarf-with-dsym";
				ENABLE_NS_ASSERTIONS = NO;
				ENABLE_STRICT_OBJC_MSGSEND = YES;
				GCC_C_LANGUAGE_STANDARD = gnu11;
				GCC_NO_COMMON_BLOCKS = YES;
				GCC_WARN_64_TO_32_BIT_CONVERSION = YES;
				GCC_WARN_ABOUT_RETURN_TYPE = YES_ERROR;
				GCC_WARN_UNDECLARED_SELECTOR = YES;
				GCC_WARN_UNINITIALIZED_AUTOS = YES_AGGRESSIVE;
				GCC_WARN_UNUSED_FUNCTION = YES;
				GCC_WARN_UNUSED_VARIABLE = YES;
				IPHONEOS_DEPLOYMENT_TARGET = 14.5;
				MTL_ENABLE_DEBUG_INFO = NO;
				MTL_FAST_MATH = YES;
				SDKROOT = iphoneos;
				SWIFT_COMPILATION_MODE = wholemodule;
				SWIFT_OPTIMIZATION_LEVEL = "-O";
				VALIDATE_PRODUCT = YES;
			};
			name = Release;
		};
		91708D54264D55E8009DEDC4 /* Debug */ = {
			isa = XCBuildConfiguration;
			baseConfigurationReference = F1BCB8431BB673133269E6E1 /* Pods-ParkingApp.debug.xcconfig */;
			buildSettings = {
				ASSETCATALOG_COMPILER_APPICON_NAME = AppIcon;
				ASSETCATALOG_COMPILER_GLOBAL_ACCENT_COLOR_NAME = AccentColor;
				CODE_SIGN_STYLE = Automatic;
				DEVELOPMENT_TEAM = 8Y742N7GSG;
				INFOPLIST_FILE = ParkingApp/Info.plist;
				IPHONEOS_DEPLOYMENT_TARGET = 14.5;
				LD_RUNPATH_SEARCH_PATHS = (
					"$(inherited)",
					"@executable_path/Frameworks",
				);
				PRODUCT_BUNDLE_IDENTIFIER = gbc.ParkingApp;
				PRODUCT_NAME = "$(TARGET_NAME)";
				SWIFT_VERSION = 5.0;
				TARGETED_DEVICE_FAMILY = "1,2";
			};
			name = Debug;
		};
		91708D55264D55E8009DEDC4 /* Release */ = {
			isa = XCBuildConfiguration;
			baseConfigurationReference = F3E989DF966D49CA8B959A93 /* Pods-ParkingApp.release.xcconfig */;
			buildSettings = {
				ASSETCATALOG_COMPILER_APPICON_NAME = AppIcon;
				ASSETCATALOG_COMPILER_GLOBAL_ACCENT_COLOR_NAME = AccentColor;
				CODE_SIGN_STYLE = Automatic;
				DEVELOPMENT_TEAM = 8Y742N7GSG;
				INFOPLIST_FILE = ParkingApp/Info.plist;
				IPHONEOS_DEPLOYMENT_TARGET = 14.5;
				LD_RUNPATH_SEARCH_PATHS = (
					"$(inherited)",
					"@executable_path/Frameworks",
				);
				PRODUCT_BUNDLE_IDENTIFIER = gbc.ParkingApp;
				PRODUCT_NAME = "$(TARGET_NAME)";
				SWIFT_VERSION = 5.0;
				TARGETED_DEVICE_FAMILY = "1,2";
			};
			name = Release;
		};
/* End XCBuildConfiguration section */

/* Begin XCConfigurationList section */
		91708D3A264D55E7009DEDC4 /* Build configuration list for PBXProject "ParkingApp" */ = {
			isa = XCConfigurationList;
			buildConfigurations = (
				91708D51264D55E8009DEDC4 /* Debug */,
				91708D52264D55E8009DEDC4 /* Release */,
			);
			defaultConfigurationIsVisible = 0;
			defaultConfigurationName = Release;
		};
		91708D53264D55E8009DEDC4 /* Build configuration list for PBXNativeTarget "ParkingApp" */ = {
			isa = XCConfigurationList;
			buildConfigurations = (
				91708D54264D55E8009DEDC4 /* Debug */,
				91708D55264D55E8009DEDC4 /* Release */,
			);
			defaultConfigurationIsVisible = 0;
			defaultConfigurationName = Release;
		};
/* End XCConfigurationList section */
	};
	rootObject = 91708D37264D55E7009DEDC4 /* Project object */;
}
